PODS:
  - blufi_plugin (0.0.1):
    - Flutter
  - Flutter (1.0.0)

DEPENDENCIES:
  - blufi_plugin (from `.symlinks/plugins/blufi_plugin/ios`)
  - Flutter (from `Flutter`)

EXTERNAL SOURCES:
  blufi_plugin:
    :path: ".symlinks/plugins/blufi_plugin/ios"
  Flutter:
    :path: Flutter

SPEC CHECKSUMS:
  blufi_plugin: b1d952e6cbb7be2d70720573b8d2a8e63cbd245c
  Flutter: 50d75fe2f02b26cc09d224853bb45737f8b3214a

PODFILE CHECKSUM: 8e679eca47255a8ca8067c4c67aab20e64cb974d

COCOAPODS: 1.11.3
